<?xml version="1.0" encoding="utf-8"?>
<Project ToolsVersion="15.0" xmlns="http://schemas.microsoft.com/developer/msbuild/2003">
  <ItemGroup>
    <Filter Include="Resource Files">
      <UniqueIdentifier>{67DA6AB6-F800-4c08-8B7A-83BB121AAD01}</UniqueIdentifier>
      <Extensions>rc;ico;cur;bmp;dlg;rc2;rct;bin;rgs;gif;jpg;jpeg;jpe;resx;tga;tiff;tif;png;wav;mfcribbon-ms</Extensions>
    </Filter>
  </ItemGroup>
  <ItemGroup>
    <ClCompile Include="dllmain.cpp" />
    <ClCompile Include="pch.cpp" />
    <ClCompile Include="TcpSocket.cpp" />
    <ClCompile Include="Wintun.cpp" />
    <ClCompile Include="Random.cpp" />
    <ClCompile Include="sio.c" />
    <ClCompile Include="sys_arch.c" />
    <ClCompile Include="lwip\core\ipv4\autoip.c" />
    <ClCompile Include="lwip\core\ipv4\dhcp.c" />
    <ClCompile Include="lwip\core\ipv4\etharp.c" />
    <ClCompile Include="lwip\core\ipv4\icmp.c" />
    <ClCompile Include="lwip\core\ipv4\igmp.c" />
    <ClCompile Include="lwip\core\ipv4\ip4.c" />
    <ClCompile Include="lwip\core\ipv4\ip4_addr.c" />
    <ClCompile Include="lwip\core\ipv4\ip4_frag.c" />
    <ClCompile Include="lwip\core\ipv6\dhcp6.c" />
    <ClCompile Include="lwip\core\ipv6\ethip6.c" />
    <ClCompile Include="lwip\core\ipv6\icmp6.c" />
    <ClCompile Include="lwip\core\ipv6\inet6.c" />
    <ClCompile Include="lwip\core\ipv6\ip6.c" />
    <ClCompile Include="lwip\core\ipv6\ip6_addr.c" />
    <ClCompile Include="lwip\core\ipv6\ip6_frag.c" />
    <ClCompile Include="lwip\core\ipv6\mld6.c" />
    <ClCompile Include="lwip\core\ipv6\nd6.c" />
    <ClCompile Include="lwip\core\def.c" />
    <ClCompile Include="lwip\core\dns.c" />
    <ClCompile Include="lwip\core\inet_chksum.c" />
    <ClCompile Include="lwip\core\init.c" />
    <ClCompile Include="lwip\core\ip.c" />
    <ClCompile Include="lwip\core\mem.c" />
    <ClCompile Include="lwip\core\memp.c" />
    <ClCompile Include="lwip\core\netif.c" />
    <ClCompile Include="lwip\core\pbuf.c" />
    <ClCompile Include="lwip\core\raw.c" />
    <ClCompile Include="lwip\core\stats.c" />
    <ClCompile Include="lwip\core\sys.c" />
    <ClCompile Include="lwip\core\tcp.c" />
    <ClCompile Include="lwip\core\tcp_in.c" />
    <ClCompile Include="lwip\core\tcp_out.c" />
    <ClCompile Include="lwip\core\timeouts.c" />
    <ClCompile Include="lwip\core\udp.c" />
  </ItemGroup>
  <ItemGroup>
    <ClInclude Include="pch.h" />
    <ClInclude Include="targetver.h" />
    <ClInclude Include="TcpSocket.h" />
    <ClInclude Include="Wintun.h" />
    <ClInclude Include="Random.h" />
    <ClInclude Include="lwipcfg_msvc.h" />
    <ClInclude Include="lwip\include\lwip\priv\api_msg.h" />
    <ClInclude Include="lwip\include\lwip\priv\memp_priv.h" />
    <ClInclude Include="lwip\include\lwip\priv\memp_std.h" />
    <ClInclude Include="lwip\include\lwip\priv\nd6_priv.h" />
    <ClInclude Include="lwip\include\lwip\priv\tcp_priv.h" />
    <ClInclude Include="lwip\include\lwip\priv\tcpip_priv.h" />
    <ClInclude Include="lwip\include\lwip\prot\autoip.h" />
    <ClInclude Include="lwip\include\lwip\prot\dhcp.h" />
    <ClInclude Include="lwip\include\lwip\prot\dns.h" />
    <ClInclude Include="lwip\include\lwip\prot\etharp.h" />
    <ClInclude Include="lwip\include\lwip\prot\ethernet.h" />
    <ClInclude Include="lwip\include\lwip\prot\icmp.h" />
    <ClInclude Include="lwip\include\lwip\prot\icmp6.h" />
    <ClInclude Include="lwip\include\lwip\prot\igmp.h" />
    <ClInclude Include="lwip\include\lwip\prot\ip.h" />
    <ClInclude Include="lwip\include\lwip\prot\ip4.h" />
    <ClInclude Include="lwip\include\lwip\prot\ip6.h" />
    <ClInclude Include="lwip\include\lwip\prot\mld6.h" />
    <ClInclude Include="lwip\include\lwip\prot\nd6.h" />
    <ClInclude Include="lwip\include\lwip\prot\tcp.h" />
    <ClInclude Include="lwip\include\lwip\prot\udp.h" />
    <ClInclude Include="lwip\include\lwip\api.h" />
    <ClInclude Include="lwip\include\lwip\arch.h" />
    <ClInclude Include="lwip\include\lwip\autoip.h" />
    <ClInclude Include="lwip\include\lwip\debug.h" />
    <ClInclude Include="lwip\include\lwip\def.h" />
    <ClInclude Include="lwip\include\lwip\dhcp.h" />
    <ClInclude Include="lwip\include\lwip\dhcp6.h" />
    <ClInclude Include="lwip\include\lwip\dns.h" />
    <ClInclude Include="lwip\include\lwip\err.h" />
    <ClInclude Include="lwip\include\lwip\errno.h" />
    <ClInclude Include="lwip\include\lwip\etharp.h" />
    <ClInclude Include="lwip\include\lwip\ethip6.h" />
    <ClInclude Include="lwip\include\lwip\icmp.h" />
    <ClInclude Include="lwip\include\lwip\icmp6.h" />
    <ClInclude Include="lwip\include\lwip\igmp.h" />
    <ClInclude Include="lwip\include\lwip\inet.h" />
    <ClInclude Include="lwip\include\lwip\inet_chksum.h" />
    <ClInclude Include="lwip\include\lwip\init.h" />
    <ClInclude Include="lwip\include\lwip\ip.h" />
    <ClInclude Include="lwip\include\lwip\ip_addr.h" />
    <ClInclude Include="lwip\include\lwip\ip4.h" />
    <ClInclude Include="lwip\include\lwip\ip4_addr.h" />
    <ClInclude Include="lwip\include\lwip\ip4_frag.h" />
    <ClInclude Include="lwip\include\lwip\ip6.h" />
    <ClInclude Include="lwip\include\lwip\ip6_addr.h" />
    <ClInclude Include="lwip\include\lwip\ip6_frag.h" />
    <ClInclude Include="lwip\include\lwip\mem.h" />
    <ClInclude Include="lwip\include\lwip\memp.h" />
    <ClInclude Include="lwip\include\lwip\mld6.h" />
    <ClInclude Include="lwip\include\lwip\nd6.h" />
    <ClInclude Include="lwip\include\lwip\netbuf.h" />
    <ClInclude Include="lwip\include\lwip\netdb.h" />
    <ClInclude Include="lwip\include\lwip\netif.h" />
    <ClInclude Include="lwip\include\lwip\netifapi.h" />
    <ClInclude Include="lwip\include\lwip\opt.h" />
    <ClInclude Include="lwip\include\lwip\pbuf.h" />
    <ClInclude Include="lwip\include\lwip\raw.h" />
    <ClInclude Include="lwip\include\lwip\sio.h" />
    <ClInclude Include="lwip\include\lwip\snmp.h" />
    <ClInclude Include="lwip\include\lwip\sockets.h" />
    <ClInclude Include="lwip\include\lwip\stats.h" />
    <ClInclude Include="lwip\include\lwip\sys.h" />
    <ClInclude Include="lwip\include\lwip\tcp.h" />
    <ClInclude Include="lwip\include\lwip\tcpip.h" />
    <ClInclude Include="lwip\include\lwip\timeouts.h" />
    <ClInclude Include="lwip\include\lwip\udp.h" />
    <ClInclude Include="lwip\include\lwip\arch\bpstruct.h" />
    <ClInclude Include="lwip\include\arch\bpstruct.h" />
    <ClInclude Include="NativeBuffer.h" />
    <ClInclude Include="lwip\include\lwipopts.h" />
  </ItemGroup>
</Project>